
Microsoft Visual Studio Solution File, Format Version 12.00
# Visual Studio Version 17
VisualStudioVersion = 17.14.36221.1 d17.14
MinimumVisualStudioVersion = 10.0.40219.1
Project("{FAE04EC0-301F-11D3-BF4B-00C04F79EFBC}") = "ProjetoPCRH", "ProjetoPCRH.csproj", "{5B8C97D9-5616-4B07-9C9E-7E413A02386D}"
EndProject
Global
	GlobalSection(SolutionConfigurationPlatforms) = preSolution
		Debug|Any CPU = Debug|Any CPU
		Release|Any CPU = Release|Any CPU
	EndGlobalSection
	GlobalSection(ProjectConfigurationPlatforms) = postSolution
		{5B8C97D9-5616-4B07-9C9E-7E413A02386D}.Debug|Any CPU.ActiveCfg = Debug|Any CPU
		{5B8C97D9-5616-4B07-9C9E-7E413A02386D}.Debug|Any CPU.Build.0 = Debug|Any CPU
		{5B8C97D9-5616-4B07-9C9E-7E413A02386D}.Release|Any CPU.ActiveCfg = Release|Any CPU
		{5B8C97D9-5616-4B07-9C9E-7E413A02386D}.Release|Any CPU.Build.0 = Release|Any CPU
	EndGlobalSection
	GlobalSection(SolutionProperties) = preSolution
		HideSolutionNode = FALSE
	EndGlobalSection
	GlobalSection(ExtensibilityGlobals) = postSolution
		SolutionGuid = {61A9D7BA-177D-4FFD-BD11-01E2A9C0F8A7}
	EndGlobalSection
EndGlobal
